
Microsoft Visual Studio Solution File, Format Version 12.00
# Visual Studio Version 17
VisualStudioVersion = 17.0.31903.59
MinimumVisualStudioVersion = 10.0.40219.1
Project("{FAE04EC0-301F-11D3-BF4B-00C04F79EFBC}") = "TaskIntro", "TaskIntro\TaskIntro.csproj", "{DDF090FF-8D63-4925-BF53-F6E5B2A83B04}"
EndProject
Project("{FAE04EC0-301F-11D3-BF4B-00C04F79EFBC}") = "TaskOOP2", "TaskOOP2\TaskOOP2.csproj", "{10F2A721-3308-4408-ABF5-52980BED75A9}"
EndProject
Project("{FAE04EC0-301F-11D3-BF4B-00C04F79EFBC}") = "ApplicationTransaction", "ApplicationTransaction\ApplicationTransaction.csproj", "{7649C43B-E4E3-47F3-BD7A-513D365B34BF}"
EndProject
Project("{FAE04EC0-301F-11D3-BF4B-00C04F79EFBC}") = "TaskOOPInheritance", "TaskOOPInheritance\TaskOOPInheritance.csproj", "{DD27A1BB-D556-496C-9022-671F4C60B016}"
EndProject
Project("{FAE04EC0-301F-11D3-BF4B-00C04F79EFBC}") = "OOPHomeTask", "OOPHomeTask\OOPHomeTask.csproj", "{92923E46-0177-491D-9717-C601678F6AFD}"
EndProject
Project("{FAE04EC0-301F-11D3-BF4B-00C04F79EFBC}") = "TaskApplicatioExtension", "TaskApplicatioExtension\TaskApplicatioExtension.csproj", "{4C6D2F77-6168-4A86-A8B0-E89C96A6DC96}"
EndProject
Project("{FAE04EC0-301F-11D3-BF4B-00C04F79EFBC}") = "DayliApp", "DayliApp\DayliApp.csproj", "{C8F92F3E-2B94-4D32-A9C6-6510D9FE3540}"
EndProject
Project("{FAE04EC0-301F-11D3-BF4B-00C04F79EFBC}") = "FileSystem", "FileSystem\FileSystem.csproj", "{0782AAC6-4262-4BEA-B5CE-B40DE0299CD5}"
EndProject
Project("{FAE04EC0-301F-11D3-BF4B-00C04F79EFBC}") = "Delegat", "Delegat\Delegat.csproj", "{6F2F3144-97CF-45F6-83A6-1708ECFE2368}"
EndProject
Project("{FAE04EC0-301F-11D3-BF4B-00C04F79EFBC}") = "Dayli.18.02", "Dayli.18.02\Dayli.18.02.csproj", "{DFCD713E-1E09-4C7A-B305-629AD1B58810}"
EndProject
Global
	GlobalSection(SolutionConfigurationPlatforms) = preSolution
		Debug|Any CPU = Debug|Any CPU
		Release|Any CPU = Release|Any CPU
	EndGlobalSection
	GlobalSection(SolutionProperties) = preSolution
		HideSolutionNode = FALSE
	EndGlobalSection
	GlobalSection(ProjectConfigurationPlatforms) = postSolution
		{DDF090FF-8D63-4925-BF53-F6E5B2A83B04}.Debug|Any CPU.ActiveCfg = Debug|Any CPU
		{DDF090FF-8D63-4925-BF53-F6E5B2A83B04}.Debug|Any CPU.Build.0 = Debug|Any CPU
		{DDF090FF-8D63-4925-BF53-F6E5B2A83B04}.Release|Any CPU.ActiveCfg = Release|Any CPU
		{DDF090FF-8D63-4925-BF53-F6E5B2A83B04}.Release|Any CPU.Build.0 = Release|Any CPU
		{10F2A721-3308-4408-ABF5-52980BED75A9}.Debug|Any CPU.ActiveCfg = Debug|Any CPU
		{10F2A721-3308-4408-ABF5-52980BED75A9}.Debug|Any CPU.Build.0 = Debug|Any CPU
		{10F2A721-3308-4408-ABF5-52980BED75A9}.Release|Any CPU.ActiveCfg = Release|Any CPU
		{10F2A721-3308-4408-ABF5-52980BED75A9}.Release|Any CPU.Build.0 = Release|Any CPU
		{7649C43B-E4E3-47F3-BD7A-513D365B34BF}.Debug|Any CPU.ActiveCfg = Debug|Any CPU
		{7649C43B-E4E3-47F3-BD7A-513D365B34BF}.Debug|Any CPU.Build.0 = Debug|Any CPU
		{7649C43B-E4E3-47F3-BD7A-513D365B34BF}.Release|Any CPU.ActiveCfg = Release|Any CPU
		{7649C43B-E4E3-47F3-BD7A-513D365B34BF}.Release|Any CPU.Build.0 = Release|Any CPU
		{DD27A1BB-D556-496C-9022-671F4C60B016}.Debug|Any CPU.ActiveCfg = Debug|Any CPU
		{DD27A1BB-D556-496C-9022-671F4C60B016}.Debug|Any CPU.Build.0 = Debug|Any CPU
		{DD27A1BB-D556-496C-9022-671F4C60B016}.Release|Any CPU.ActiveCfg = Release|Any CPU
		{DD27A1BB-D556-496C-9022-671F4C60B016}.Release|Any CPU.Build.0 = Release|Any CPU
		{92923E46-0177-491D-9717-C601678F6AFD}.Debug|Any CPU.ActiveCfg = Debug|Any CPU
		{92923E46-0177-491D-9717-C601678F6AFD}.Debug|Any CPU.Build.0 = Debug|Any CPU
		{92923E46-0177-491D-9717-C601678F6AFD}.Release|Any CPU.ActiveCfg = Release|Any CPU
		{92923E46-0177-491D-9717-C601678F6AFD}.Release|Any CPU.Build.0 = Release|Any CPU
		{4C6D2F77-6168-4A86-A8B0-E89C96A6DC96}.Debug|Any CPU.ActiveCfg = Debug|Any CPU
		{4C6D2F77-6168-4A86-A8B0-E89C96A6DC96}.Debug|Any CPU.Build.0 = Debug|Any CPU
		{4C6D2F77-6168-4A86-A8B0-E89C96A6DC96}.Release|Any CPU.ActiveCfg = Release|Any CPU
		{4C6D2F77-6168-4A86-A8B0-E89C96A6DC96}.Release|Any CPU.Build.0 = Release|Any CPU
		{C8F92F3E-2B94-4D32-A9C6-6510D9FE3540}.Debug|Any CPU.ActiveCfg = Debug|Any CPU
		{C8F92F3E-2B94-4D32-A9C6-6510D9FE3540}.Debug|Any CPU.Build.0 = Debug|Any CPU
		{C8F92F3E-2B94-4D32-A9C6-6510D9FE3540}.Release|Any CPU.ActiveCfg = Release|Any CPU
		{C8F92F3E-2B94-4D32-A9C6-6510D9FE3540}.Release|Any CPU.Build.0 = Release|Any CPU
		{0782AAC6-4262-4BEA-B5CE-B40DE0299CD5}.Debug|Any CPU.ActiveCfg = Debug|Any CPU
		{0782AAC6-4262-4BEA-B5CE-B40DE0299CD5}.Debug|Any CPU.Build.0 = Debug|Any CPU
		{0782AAC6-4262-4BEA-B5CE-B40DE0299CD5}.Release|Any CPU.ActiveCfg = Release|Any CPU
		{0782AAC6-4262-4BEA-B5CE-B40DE0299CD5}.Release|Any CPU.Build.0 = Release|Any CPU
		{6F2F3144-97CF-45F6-83A6-1708ECFE2368}.Debug|Any CPU.ActiveCfg = Debug|Any CPU
		{6F2F3144-97CF-45F6-83A6-1708ECFE2368}.Debug|Any CPU.Build.0 = Debug|Any CPU
		{6F2F3144-97CF-45F6-83A6-1708ECFE2368}.Release|Any CPU.ActiveCfg = Release|Any CPU
		{6F2F3144-97CF-45F6-83A6-1708ECFE2368}.Release|Any CPU.Build.0 = Release|Any CPU
		{DFCD713E-1E09-4C7A-B305-629AD1B58810}.Debug|Any CPU.ActiveCfg = Debug|Any CPU
		{DFCD713E-1E09-4C7A-B305-629AD1B58810}.Debug|Any CPU.Build.0 = Debug|Any CPU
		{DFCD713E-1E09-4C7A-B305-629AD1B58810}.Release|Any CPU.ActiveCfg = Release|Any CPU
		{DFCD713E-1E09-4C7A-B305-629AD1B58810}.Release|Any CPU.Build.0 = Release|Any CPU
	EndGlobalSection
EndGlobal
