
Microsoft Visual Studio Solution File, Format Version 12.00
# Visual Studio Version 17
VisualStudioVersion = 17.4.33213.308
MinimumVisualStudioVersion = 10.0.40219.1
Project("{FAE04EC0-301F-11D3-BF4B-00C04F79EFBC}") = "TaskApplicatioLinq", "TaskApplicatioLinq\TaskApplicatioLinq.csproj", "{A84687E0-47BA-4A6B-AD11-F96CF77A5483}"
EndProject
Global
	GlobalSection(SolutionConfigurationPlatforms) = preSolution
		Debug|Any CPU = Debug|Any CPU
		Release|Any CPU = Release|Any CPU
	EndGlobalSection
	GlobalSection(ProjectConfigurationPlatforms) = postSolution
		{A84687E0-47BA-4A6B-AD11-F96CF77A5483}.Debug|Any CPU.ActiveCfg = Debug|Any CPU
		{A84687E0-47BA-4A6B-AD11-F96CF77A5483}.Debug|Any CPU.Build.0 = Debug|Any CPU
		{A84687E0-47BA-4A6B-AD11-F96CF77A5483}.Release|Any CPU.ActiveCfg = Release|Any CPU
		{A84687E0-47BA-4A6B-AD11-F96CF77A5483}.Release|Any CPU.Build.0 = Release|Any CPU
	EndGlobalSection
	GlobalSection(SolutionProperties) = preSolution
		HideSolutionNode = FALSE
	EndGlobalSection
	GlobalSection(ExtensibilityGlobals) = postSolution
		SolutionGuid = {AFC5B7BD-00A0-4EBF-A087-E804A21DD3FA}
	EndGlobalSection
EndGlobal
